
Microsoft Visual Studio Solution File, Format Version 12.00
# Visual Studio Version 16
VisualStudioVersion = 16.6.30114.105
MinimumVisualStudioVersion = 10.0.40219.1
Project("{2150E333-8FDC-42A3-9474-1A3956D46DE8}") = "src", "src", "{3E425465-7387-4541-8038-D493BEE17E90}"
EndProject
Project("{2150E333-8FDC-42A3-9474-1A3956D46DE8}") = "LightDe-Web", "LightDe-Web", "{B9FBAA01-778D-4E36-8BE1-46BAF8A0F54F}"
EndProject
Project("{2150E333-8FDC-42A3-9474-1A3956D46DE8}") = "src", "src", "{47B6540B-6796-4516-9D2A-6BEEAF7AB9E4}"
EndProject
Project("{FAE04EC0-301F-11D3-BF4B-00C04F79EFBC}") = "LightDe.Web.Mvc", "src\LightDe-Web\src\LightDe.Web.Mvc\LightDe.Web.Mvc.csproj", "{AB449E28-DA84-4606-9A34-0E0FC1731396}"
EndProject
Project("{2150E333-8FDC-42A3-9474-1A3956D46DE8}") = "LightDe-Api", "LightDe-Api", "{BFDFBBFA-0287-4A7A-AA39-ADCBE68A0362}"
EndProject
Project("{2150E333-8FDC-42A3-9474-1A3956D46DE8}") = "src", "src", "{C71A8926-764D-433C-B40E-7F33DB8081E3}"
EndProject
Project("{FAE04EC0-301F-11D3-BF4B-00C04F79EFBC}") = "LightDe.WebApi.Core", "src\LightDe-Api\src\LightDe.WebApi.Core\LightDe.WebApi.Core.csproj", "{47DABC1F-05A8-4CC8-9A46-5C7D8DC10D2D}"
EndProject
Project("{FAE04EC0-301F-11D3-BF4B-00C04F79EFBC}") = "LightDe.WebApi.Apllication", "src\LightDe-Api\src\LightDe.WebApi.Apllication\LightDe.WebApi.Apllication.csproj", "{1BAAE1B4-3456-4BD4-8454-F1B3972819DF}"
EndProject
Project("{FAE04EC0-301F-11D3-BF4B-00C04F79EFBC}") = "LightDe.WebApi.Api", "src\LightDe-Api\src\LightDe.WebApi.Api\LightDe.WebApi.Api.csproj", "{6183E72E-0E84-4459-8D6A-7F0B9C2D7031}"
EndProject
Project("{2150E333-8FDC-42A3-9474-1A3956D46DE8}") = "tests", "tests", "{645A1498-7A5B-46E9-B998-8C64E63D844B}"
EndProject
Project("{FAE04EC0-301F-11D3-BF4B-00C04F79EFBC}") = "LightDe.WebApi.Tests", "src\LightDe-Api\tests\LightDe.WebApi.Tests\LightDe.WebApi.Tests.csproj", "{EB2F2BC9-3ACC-4342-9E7E-1B7AE48D903F}"
EndProject
Global
	GlobalSection(SolutionConfigurationPlatforms) = preSolution
		Debug|Any CPU = Debug|Any CPU
		Debug|x64 = Debug|x64
		Debug|x86 = Debug|x86
		Release|Any CPU = Release|Any CPU
		Release|x64 = Release|x64
		Release|x86 = Release|x86
	EndGlobalSection
	GlobalSection(SolutionProperties) = preSolution
		HideSolutionNode = FALSE
	EndGlobalSection
	GlobalSection(ProjectConfigurationPlatforms) = postSolution
		{AB449E28-DA84-4606-9A34-0E0FC1731396}.Debug|Any CPU.ActiveCfg = Debug|Any CPU
		{AB449E28-DA84-4606-9A34-0E0FC1731396}.Debug|Any CPU.Build.0 = Debug|Any CPU
		{AB449E28-DA84-4606-9A34-0E0FC1731396}.Debug|x64.ActiveCfg = Debug|Any CPU
		{AB449E28-DA84-4606-9A34-0E0FC1731396}.Debug|x64.Build.0 = Debug|Any CPU
		{AB449E28-DA84-4606-9A34-0E0FC1731396}.Debug|x86.ActiveCfg = Debug|Any CPU
		{AB449E28-DA84-4606-9A34-0E0FC1731396}.Debug|x86.Build.0 = Debug|Any CPU
		{AB449E28-DA84-4606-9A34-0E0FC1731396}.Release|Any CPU.ActiveCfg = Release|Any CPU
		{AB449E28-DA84-4606-9A34-0E0FC1731396}.Release|Any CPU.Build.0 = Release|Any CPU
		{AB449E28-DA84-4606-9A34-0E0FC1731396}.Release|x64.ActiveCfg = Release|Any CPU
		{AB449E28-DA84-4606-9A34-0E0FC1731396}.Release|x64.Build.0 = Release|Any CPU
		{AB449E28-DA84-4606-9A34-0E0FC1731396}.Release|x86.ActiveCfg = Release|Any CPU
		{AB449E28-DA84-4606-9A34-0E0FC1731396}.Release|x86.Build.0 = Release|Any CPU
		{47DABC1F-05A8-4CC8-9A46-5C7D8DC10D2D}.Debug|Any CPU.ActiveCfg = Debug|Any CPU
		{47DABC1F-05A8-4CC8-9A46-5C7D8DC10D2D}.Debug|Any CPU.Build.0 = Debug|Any CPU
		{47DABC1F-05A8-4CC8-9A46-5C7D8DC10D2D}.Debug|x64.ActiveCfg = Debug|Any CPU
		{47DABC1F-05A8-4CC8-9A46-5C7D8DC10D2D}.Debug|x64.Build.0 = Debug|Any CPU
		{47DABC1F-05A8-4CC8-9A46-5C7D8DC10D2D}.Debug|x86.ActiveCfg = Debug|Any CPU
		{47DABC1F-05A8-4CC8-9A46-5C7D8DC10D2D}.Debug|x86.Build.0 = Debug|Any CPU
		{47DABC1F-05A8-4CC8-9A46-5C7D8DC10D2D}.Release|Any CPU.ActiveCfg = Release|Any CPU
		{47DABC1F-05A8-4CC8-9A46-5C7D8DC10D2D}.Release|Any CPU.Build.0 = Release|Any CPU
		{47DABC1F-05A8-4CC8-9A46-5C7D8DC10D2D}.Release|x64.ActiveCfg = Release|Any CPU
		{47DABC1F-05A8-4CC8-9A46-5C7D8DC10D2D}.Release|x64.Build.0 = Release|Any CPU
		{47DABC1F-05A8-4CC8-9A46-5C7D8DC10D2D}.Release|x86.ActiveCfg = Release|Any CPU
		{47DABC1F-05A8-4CC8-9A46-5C7D8DC10D2D}.Release|x86.Build.0 = Release|Any CPU
		{1BAAE1B4-3456-4BD4-8454-F1B3972819DF}.Debug|Any CPU.ActiveCfg = Debug|Any CPU
		{1BAAE1B4-3456-4BD4-8454-F1B3972819DF}.Debug|Any CPU.Build.0 = Debug|Any CPU
		{1BAAE1B4-3456-4BD4-8454-F1B3972819DF}.Debug|x64.ActiveCfg = Debug|Any CPU
		{1BAAE1B4-3456-4BD4-8454-F1B3972819DF}.Debug|x64.Build.0 = Debug|Any CPU
		{1BAAE1B4-3456-4BD4-8454-F1B3972819DF}.Debug|x86.ActiveCfg = Debug|Any CPU
		{1BAAE1B4-3456-4BD4-8454-F1B3972819DF}.Debug|x86.Build.0 = Debug|Any CPU
		{1BAAE1B4-3456-4BD4-8454-F1B3972819DF}.Release|Any CPU.ActiveCfg = Release|Any CPU
		{1BAAE1B4-3456-4BD4-8454-F1B3972819DF}.Release|Any CPU.Build.0 = Release|Any CPU
		{1BAAE1B4-3456-4BD4-8454-F1B3972819DF}.Release|x64.ActiveCfg = Release|Any CPU
		{1BAAE1B4-3456-4BD4-8454-F1B3972819DF}.Release|x64.Build.0 = Release|Any CPU
		{1BAAE1B4-3456-4BD4-8454-F1B3972819DF}.Release|x86.ActiveCfg = Release|Any CPU
		{1BAAE1B4-3456-4BD4-8454-F1B3972819DF}.Release|x86.Build.0 = Release|Any CPU
		{6183E72E-0E84-4459-8D6A-7F0B9C2D7031}.Debug|Any CPU.ActiveCfg = Debug|Any CPU
		{6183E72E-0E84-4459-8D6A-7F0B9C2D7031}.Debug|Any CPU.Build.0 = Debug|Any CPU
		{6183E72E-0E84-4459-8D6A-7F0B9C2D7031}.Debug|x64.ActiveCfg = Debug|Any CPU
		{6183E72E-0E84-4459-8D6A-7F0B9C2D7031}.Debug|x64.Build.0 = Debug|Any CPU
		{6183E72E-0E84-4459-8D6A-7F0B9C2D7031}.Debug|x86.ActiveCfg = Debug|Any CPU
		{6183E72E-0E84-4459-8D6A-7F0B9C2D7031}.Debug|x86.Build.0 = Debug|Any CPU
		{6183E72E-0E84-4459-8D6A-7F0B9C2D7031}.Release|Any CPU.ActiveCfg = Release|Any CPU
		{6183E72E-0E84-4459-8D6A-7F0B9C2D7031}.Release|Any CPU.Build.0 = Release|Any CPU
		{6183E72E-0E84-4459-8D6A-7F0B9C2D7031}.Release|x64.ActiveCfg = Release|Any CPU
		{6183E72E-0E84-4459-8D6A-7F0B9C2D7031}.Release|x64.Build.0 = Release|Any CPU
		{6183E72E-0E84-4459-8D6A-7F0B9C2D7031}.Release|x86.ActiveCfg = Release|Any CPU
		{6183E72E-0E84-4459-8D6A-7F0B9C2D7031}.Release|x86.Build.0 = Release|Any CPU
		{EB2F2BC9-3ACC-4342-9E7E-1B7AE48D903F}.Debug|Any CPU.ActiveCfg = Debug|Any CPU
		{EB2F2BC9-3ACC-4342-9E7E-1B7AE48D903F}.Debug|Any CPU.Build.0 = Debug|Any CPU
		{EB2F2BC9-3ACC-4342-9E7E-1B7AE48D903F}.Debug|x64.ActiveCfg = Debug|Any CPU
		{EB2F2BC9-3ACC-4342-9E7E-1B7AE48D903F}.Debug|x64.Build.0 = Debug|Any CPU
		{EB2F2BC9-3ACC-4342-9E7E-1B7AE48D903F}.Debug|x86.ActiveCfg = Debug|Any CPU
		{EB2F2BC9-3ACC-4342-9E7E-1B7AE48D903F}.Debug|x86.Build.0 = Debug|Any CPU
		{EB2F2BC9-3ACC-4342-9E7E-1B7AE48D903F}.Release|Any CPU.ActiveCfg = Release|Any CPU
		{EB2F2BC9-3ACC-4342-9E7E-1B7AE48D903F}.Release|Any CPU.Build.0 = Release|Any CPU
		{EB2F2BC9-3ACC-4342-9E7E-1B7AE48D903F}.Release|x64.ActiveCfg = Release|Any CPU
		{EB2F2BC9-3ACC-4342-9E7E-1B7AE48D903F}.Release|x64.Build.0 = Release|Any CPU
		{EB2F2BC9-3ACC-4342-9E7E-1B7AE48D903F}.Release|x86.ActiveCfg = Release|Any CPU
		{EB2F2BC9-3ACC-4342-9E7E-1B7AE48D903F}.Release|x86.Build.0 = Release|Any CPU
	EndGlobalSection
	GlobalSection(NestedProjects) = preSolution
		{B9FBAA01-778D-4E36-8BE1-46BAF8A0F54F} = {3E425465-7387-4541-8038-D493BEE17E90}
		{47B6540B-6796-4516-9D2A-6BEEAF7AB9E4} = {B9FBAA01-778D-4E36-8BE1-46BAF8A0F54F}
		{AB449E28-DA84-4606-9A34-0E0FC1731396} = {47B6540B-6796-4516-9D2A-6BEEAF7AB9E4}
		{BFDFBBFA-0287-4A7A-AA39-ADCBE68A0362} = {3E425465-7387-4541-8038-D493BEE17E90}
		{C71A8926-764D-433C-B40E-7F33DB8081E3} = {BFDFBBFA-0287-4A7A-AA39-ADCBE68A0362}
		{47DABC1F-05A8-4CC8-9A46-5C7D8DC10D2D} = {C71A8926-764D-433C-B40E-7F33DB8081E3}
		{1BAAE1B4-3456-4BD4-8454-F1B3972819DF} = {C71A8926-764D-433C-B40E-7F33DB8081E3}
		{6183E72E-0E84-4459-8D6A-7F0B9C2D7031} = {C71A8926-764D-433C-B40E-7F33DB8081E3}
		{645A1498-7A5B-46E9-B998-8C64E63D844B} = {BFDFBBFA-0287-4A7A-AA39-ADCBE68A0362}
		{EB2F2BC9-3ACC-4342-9E7E-1B7AE48D903F} = {645A1498-7A5B-46E9-B998-8C64E63D844B}
	EndGlobalSection
EndGlobal
